// !$*UTF8*$!
{
	archiveVersion = 1;
	classes = {
	};
	objectVersion = 77;
	objects = {

/* Begin PBXBuildFile section */
		D61027E72FFCFFBB00FEC7F0 /* AppDelegate.swift in Sources */ = {isa = PBXBuildFile; fileRef = D61027E62FFCFFBB00FEC7F0 /* AppDelegate.swift */; };
		D61027E92FFCFFBB00FEC7F0 /* SceneDelegate.swift in Sources */ = {isa = PBXBuildFile; fileRef = D61027E82FFCFFBB00FEC7F0 /* SceneDelegate.swift */; };
		D61027EC2FFCFFBB00FEC7F0 /* LaunchScreen.storyboard in Resources */ = {isa = PBXBuildFile; fileRef = D61027EA2FFCFFBB00FEC7F0 /* LaunchScreen.storyboard */; };
		D61027EF2FFCFFBB00FEC7F0 /* Main.storyboard in Resources */ = {isa = PBXBuildFile; fileRef = D61027ED2FFCFFBB00FEC7F0 /* Main.storyboard */; };
		D61027F82FFCFFBB00FEC7F0 /* AppDelegate.swift in Sources */ = {isa = PBXBuildFile; fileRef = D61027F72FFCFFBB00FEC7F0 /* AppDelegate.swift */; };
		D61027FB2FFCFFBB00FEC7F0 /* Main.storyboard in Resources */ = {isa = PBXBuildFile; fileRef = D61027F92FFCFFBB00FEC7F0 /* Main.storyboard */; };
		D61028022FFCFFBB00FEC7F0 /* HNRefined Extension.appex in Embed Foundation Extensions */ = {isa = PBXBuildFile; fileRef = D61028012FFCFFBB00FEC7F0 /* HNRefined Extension.appex */; settings = {ATTRIBUTES = (RemoveHeadersOnCopy, ); }; };
		D610280C2FFCFFBB00FEC7F0 /* HNRefined Extension.appex in Embed Foundation Extensions */ = {isa = PBXBuildFile; fileRef = D610280B2FFCFFBB00FEC7F0 /* HNRefined Extension.appex */; settings = {ATTRIBUTES = (RemoveHeadersOnCopy, ); }; };
		D61028112FFCFFBB00FEC7F0 /* Main.html in Resources */ = {isa = PBXBuildFile; fileRef = D61027D62FFCFFBA00FEC7F0 /* Main.html */; };
		D61028122FFCFFBB00FEC7F0 /* Main.html in Resources */ = {isa = PBXBuildFile; fileRef = D61027D62FFCFFBA00FEC7F0 /* Main.html */; };
		D61028132FFCFFBB00FEC7F0 /* Icon.png in Resources */ = {isa = PBXBuildFile; fileRef = D61027D82FFCFFBA00FEC7F0 /* Icon.png */; };
		D61028142FFCFFBB00FEC7F0 /* Icon.png in Resources */ = {isa = PBXBuildFile; fileRef = D61027D82FFCFFBA00FEC7F0 /* Icon.png */; };
		D61028152FFCFFBB00FEC7F0 /* Style.css in Resources */ = {isa = PBXBuildFile; fileRef = D61027D92FFCFFBA00FEC7F0 /* Style.css */; };
		D61028162FFCFFBB00FEC7F0 /* Style.css in Resources */ = {isa = PBXBuildFile; fileRef = D61027D92FFCFFBA00FEC7F0 /* Style.css */; };
		D61028172FFCFFBB00FEC7F0 /* Script.js in Resources */ = {isa = PBXBuildFile; fileRef = D61027DA2FFCFFBA00FEC7F0 /* Script.js */; };
		D61028182FFCFFBB00FEC7F0 /* Script.js in Resources */ = {isa = PBXBuildFile; fileRef = D61027DA2FFCFFBA00FEC7F0 /* Script.js */; };
		D61028192FFCFFBB00FEC7F0 /* ViewController.swift in Sources */ = {isa = PBXBuildFile; fileRef = D61027DB2FFCFFBA00FEC7F0 /* ViewController.swift */; };
		D610281A2FFCFFBB00FEC7F0 /* ViewController.swift in Sources */ = {isa = PBXBuildFile; fileRef = D61027DB2FFCFFBA00FEC7F0 /* ViewController.swift */; };
		D610281B2FFCFFBB00FEC7F0 /* Assets.xcassets in Resources */ = {isa = PBXBuildFile; fileRef = D61027DC2FFCFFBB00FEC7F0 /* Assets.xcassets */; };
		D610281C2FFCFFBB00FEC7F0 /* Assets.xcassets in Resources */ = {isa = PBXBuildFile; fileRef = D61027DC2FFCFFBB00FEC7F0 /* Assets.xcassets */; };
		D610281D2FFCFFBB00FEC7F0 /* SafariWebExtensionHandler.swift in Sources */ = {isa = PBXBuildFile; fileRef = D61027DE2FFCFFBB00FEC7F0 /* SafariWebExtensionHandler.swift */; };
		D610281E2FFCFFBB00FEC7F0 /* SafariWebExtensionHandler.swift in Sources */ = {isa = PBXBuildFile; fileRef = D61027DE2FFCFFBB00FEC7F0 /* SafariWebExtensionHandler.swift */; };
		D61028382FFCFFBB00FEC7F0 /* generated in Resources */ = {isa = PBXBuildFile; fileRef = D61028302FFCFFBB00FEC7F0 /* generated */; };
		D61028392FFCFFBB00FEC7F0 /* options in Resources */ = {isa = PBXBuildFile; fileRef = D61028312FFCFFBB00FEC7F0 /* options */; };
		D610283A2FFCFFBB00FEC7F0 /* popup in Resources */ = {isa = PBXBuildFile; fileRef = D61028322FFCFFBB00FEC7F0 /* popup */; };
		D610283B2FFCFFBB00FEC7F0 /* content in Resources */ = {isa = PBXBuildFile; fileRef = D61028332FFCFFBB00FEC7F0 /* content */; };
		D610283C2FFCFFBB00FEC7F0 /* shared in Resources */ = {isa = PBXBuildFile; fileRef = D61028342FFCFFBB00FEC7F0 /* shared */; };
		D610283D2FFCFFBB00FEC7F0 /* icons in Resources */ = {isa = PBXBuildFile; fileRef = D61028352FFCFFBB00FEC7F0 /* icons */; };
		D610283E2FFCFFBB00FEC7F0 /* manifest.json in Resources */ = {isa = PBXBuildFile; fileRef = D61028362FFCFFBB00FEC7F0 /* manifest.json */; };
		D610283F2FFCFFBB00FEC7F0 /* themes in Resources */ = {isa = PBXBuildFile; fileRef = D61028372FFCFFBB00FEC7F0 /* themes */; };
		D61028402FFCFFBB00FEC7F0 /* generated in Resources */ = {isa = PBXBuildFile; fileRef = D61028302FFCFFBB00FEC7F0 /* generated */; };
		D61028412FFCFFBB00FEC7F0 /* options in Resources */ = {isa = PBXBuildFile; fileRef = D61028312FFCFFBB00FEC7F0 /* options */; };
		D61028422FFCFFBB00FEC7F0 /* popup in Resources */ = {isa = PBXBuildFile; fileRef = D61028322FFCFFBB00FEC7F0 /* popup */; };
		D61028432FFCFFBB00FEC7F0 /* content in Resources */ = {isa = PBXBuildFile; fileRef = D61028332FFCFFBB00FEC7F0 /* content */; };
		D61028442FFCFFBB00FEC7F0 /* shared in Resources */ = {isa = PBXBuildFile; fileRef = D61028342FFCFFBB00FEC7F0 /* shared */; };
		D61028452FFCFFBB00FEC7F0 /* icons in Resources */ = {isa = PBXBuildFile; fileRef = D61028352FFCFFBB00FEC7F0 /* icons */; };
		D61028462FFCFFBB00FEC7F0 /* manifest.json in Resources */ = {isa = PBXBuildFile; fileRef = D61028362FFCFFBB00FEC7F0 /* manifest.json */; };
		D61028472FFCFFBB00FEC7F0 /* themes in Resources */ = {isa = PBXBuildFile; fileRef = D61028372FFCFFBB00FEC7F0 /* themes */; };
/* End PBXBuildFile section */

/* Begin PBXContainerItemProxy section */
		D61028032FFCFFBB00FEC7F0 /* PBXContainerItemProxy */ = {
			isa = PBXContainerItemProxy;
			containerPortal = D61027D02FFCFFBA00FEC7F0 /* Project object */;
			proxyType = 1;
			remoteGlobalIDString = D61028002FFCFFBB00FEC7F0;
			remoteInfo = "HNRefined Extension (iOS)";
		};
		D610280D2FFCFFBB00FEC7F0 /* PBXContainerItemProxy */ = {
			isa = PBXContainerItemProxy;
			containerPortal = D61027D02FFCFFBA00FEC7F0 /* Project object */;
			proxyType = 1;
			remoteGlobalIDString = D610280A2FFCFFBB00FEC7F0;
			remoteInfo = "HNRefined Extension (macOS)";
		};
/* End PBXContainerItemProxy section */

/* Begin PBXCopyFilesBuildPhase section */
		D61028242FFCFFBB00FEC7F0 /* Embed Foundation Extensions */ = {
			isa = PBXCopyFilesBuildPhase;
			buildActionMask = 2147483647;
			dstPath = "";
			dstSubfolderSpec = 13;
			files = (
				D61028022FFCFFBB00FEC7F0 /* HNRefined Extension.appex in Embed Foundation Extensions */,
			);
			name = "Embed Foundation Extensions";
			runOnlyForDeploymentPostprocessing = 0;
		};
		D610282B2FFCFFBB00FEC7F0 /* Embed Foundation Extensions */ = {
			isa = PBXCopyFilesBuildPhase;
			buildActionMask = 2147483647;
			dstPath = "";
			dstSubfolderSpec = 13;
			files = (
				D610280C2FFCFFBB00FEC7F0 /* HNRefined Extension.appex in Embed Foundation Extensions */,
			);
			name = "Embed Foundation Extensions";
			runOnlyForDeploymentPostprocessing = 0;
		};
/* End PBXCopyFilesBuildPhase section */

/* Begin PBXFileReference section */
		D61027D72FFCFFBA00FEC7F0 /* Base */ = {isa = PBXFileReference; lastKnownFileType = text.html; name = Base; path = Base.lproj/Main.html; sourceTree = "<group>"; };
		D61027D82FFCFFBA00FEC7F0 /* Icon.png */ = {isa = PBXFileReference; lastKnownFileType = image.png; path = Icon.png; sourceTree = "<group>"; };
		D61027D92FFCFFBA00FEC7F0 /* Style.css */ = {isa = PBXFileReference; lastKnownFileType = text.css; path = Style.css; sourceTree = "<group>"; };
		D61027DA2FFCFFBA00FEC7F0 /* Script.js */ = {isa = PBXFileReference; lastKnownFileType = sourcecode.javascript; path = Script.js; sourceTree = "<group>"; };
		D61027DB2FFCFFBA00FEC7F0 /* ViewController.swift */ = {isa = PBXFileReference; lastKnownFileType = sourcecode.swift; path = ViewController.swift; sourceTree = "<group>"; };
		D61027DC2FFCFFBB00FEC7F0 /* Assets.xcassets */ = {isa = PBXFileReference; lastKnownFileType = folder.assetcatalog; path = Assets.xcassets; sourceTree = "<group>"; };
		D61027DE2FFCFFBB00FEC7F0 /* SafariWebExtensionHandler.swift */ = {isa = PBXFileReference; lastKnownFileType = sourcecode.swift; path = SafariWebExtensionHandler.swift; sourceTree = "<group>"; };
		D61027E32FFCFFBB00FEC7F0 /* HNRefined.app */ = {isa = PBXFileReference; explicitFileType = wrapper.application; includeInIndex = 0; path = HNRefined.app; sourceTree = BUILT_PRODUCTS_DIR; };
		D61027E62FFCFFBB00FEC7F0 /* AppDelegate.swift */ = {isa = PBXFileReference; lastKnownFileType = sourcecode.swift; path = AppDelegate.swift; sourceTree = "<group>"; };
		D61027E82FFCFFBB00FEC7F0 /* SceneDelegate.swift */ = {isa = PBXFileReference; lastKnownFileType = sourcecode.swift; path = SceneDelegate.swift; sourceTree = "<group>"; };
		D61027EB2FFCFFBB00FEC7F0 /* Base */ = {isa = PBXFileReference; lastKnownFileType = file.storyboard; name = Base; path = Base.lproj/LaunchScreen.storyboard; sourceTree = "<group>"; };
		D61027EE2FFCFFBB00FEC7F0 /* Base */ = {isa = PBXFileReference; lastKnownFileType = file.storyboard; name = Base; path = Base.lproj/Main.storyboard; sourceTree = "<group>"; };
		D61027F02FFCFFBB00FEC7F0 /* Info.plist */ = {isa = PBXFileReference; lastKnownFileType = text.plist.xml; path = Info.plist; sourceTree = "<group>"; };
		D61027F52FFCFFBB00FEC7F0 /* HNRefined.app */ = {isa = PBXFileReference; explicitFileType = wrapper.application; includeInIndex = 0; path = HNRefined.app; sourceTree = BUILT_PRODUCTS_DIR; };
		D61027F72FFCFFBB00FEC7F0 /* AppDelegate.swift */ = {isa = PBXFileReference; lastKnownFileType = sourcecode.swift; path = AppDelegate.swift; sourceTree = "<group>"; };
		D61027FA2FFCFFBB00FEC7F0 /* Base */ = {isa = PBXFileReference; lastKnownFileType = file.storyboard; name = Base; path = Base.lproj/Main.storyboard; sourceTree = "<group>"; };
		D61027FC2FFCFFBB00FEC7F0 /* Info.plist */ = {isa = PBXFileReference; lastKnownFileType = text.plist.xml; path = Info.plist; sourceTree = "<group>"; };
		D61028012FFCFFBB00FEC7F0 /* HNRefined Extension.appex */ = {isa = PBXFileReference; explicitFileType = "wrapper.app-extension"; includeInIndex = 0; path = "HNRefined Extension.appex"; sourceTree = BUILT_PRODUCTS_DIR; };
		D61028062FFCFFBB00FEC7F0 /* Info.plist */ = {isa = PBXFileReference; lastKnownFileType = text.plist.xml; path = Info.plist; sourceTree = "<group>"; };
		D610280B2FFCFFBB00FEC7F0 /* HNRefined Extension.appex */ = {isa = PBXFileReference; explicitFileType = "wrapper.app-extension"; includeInIndex = 0; path = "HNRefined Extension.appex"; sourceTree = BUILT_PRODUCTS_DIR; };
		D61028102FFCFFBB00FEC7F0 /* Info.plist */ = {isa = PBXFileReference; lastKnownFileType = text.plist.xml; path = Info.plist; sourceTree = "<group>"; };
		D61028302FFCFFBB00FEC7F0 /* generated */ = {isa = PBXFileReference; lastKnownFileType = folder; name = generated; path = Resources/generated; sourceTree = "<group>"; };
		D61028312FFCFFBB00FEC7F0 /* options */ = {isa = PBXFileReference; lastKnownFileType = folder; name = options; path = Resources/options; sourceTree = "<group>"; };
		D61028322FFCFFBB00FEC7F0 /* popup */ = {isa = PBXFileReference; lastKnownFileType = folder; name = popup; path = Resources/popup; sourceTree = "<group>"; };
		D61028332FFCFFBB00FEC7F0 /* content */ = {isa = PBXFileReference; lastKnownFileType = folder; name = content; path = Resources/content; sourceTree = "<group>"; };
		D61028342FFCFFBB00FEC7F0 /* shared */ = {isa = PBXFileReference; lastKnownFileType = folder; name = shared; path = Resources/shared; sourceTree = "<group>"; };
		D61028352FFCFFBB00FEC7F0 /* icons */ = {isa = PBXFileReference; lastKnownFileType = folder; name = icons; path = Resources/icons; sourceTree = "<group>"; };
		D61028362FFCFFBB00FEC7F0 /* manifest.json */ = {isa = PBXFileReference; lastKnownFileType = text.json; name = manifest.json; path = Resources/manifest.json; sourceTree = "<group>"; };
		D61028372FFCFFBB00FEC7F0 /* themes */ = {isa = PBXFileReference; lastKnownFileType = folder; name = themes; path = Resources/themes; sourceTree = "<group>"; };
/* End PBXFileReference section */

/* Begin PBXFrameworksBuildPhase section */
		D61027E02FFCFFBB00FEC7F0 /* Frameworks */ = {
			isa = PBXFrameworksBuildPhase;
			buildActionMask = 2147483647;
			files = (
			);
			runOnlyForDeploymentPostprocessing = 0;
		};
		D61027F22FFCFFBB00FEC7F0 /* Frameworks */ = {
			isa = PBXFrameworksBuildPhase;
			buildActionMask = 2147483647;
			files = (
			);
			runOnlyForDeploymentPostprocessing = 0;
		};
		D61027FE2FFCFFBB00FEC7F0 /* Frameworks */ = {
			isa = PBXFrameworksBuildPhase;
			buildActionMask = 2147483647;
			files = (
			);
			runOnlyForDeploymentPostprocessing = 0;
		};
		D61028082FFCFFBB00FEC7F0 /* Frameworks */ = {
			isa = PBXFrameworksBuildPhase;
			buildActionMask = 2147483647;
			files = (
			);
			runOnlyForDeploymentPostprocessing = 0;
		};
/* End PBXFrameworksBuildPhase section */

/* Begin PBXGroup section */
		D61027CF2FFCFFBA00FEC7F0 = {
			isa = PBXGroup;
			children = (
				D61027D42FFCFFBA00FEC7F0 /* Shared (App) */,
				D61027DD2FFCFFBB00FEC7F0 /* Shared (Extension) */,
				D61027E52FFCFFBB00FEC7F0 /* iOS (App) */,
				D61027F62FFCFFBB00FEC7F0 /* macOS (App) */,
				D61028052FFCFFBB00FEC7F0 /* iOS (Extension) */,
				D610280F2FFCFFBB00FEC7F0 /* macOS (Extension) */,
				D61027E42FFCFFBB00FEC7F0 /* Products */,
			);
			sourceTree = "<group>";
		};
		D61027D42FFCFFBA00FEC7F0 /* Shared (App) */ = {
			isa = PBXGroup;
			children = (
				D61027DB2FFCFFBA00FEC7F0 /* ViewController.swift */,
				D61027DC2FFCFFBB00FEC7F0 /* Assets.xcassets */,
				D61027D52FFCFFBA00FEC7F0 /* Resources */,
			);
			path = "Shared (App)";
			sourceTree = "<group>";
		};
		D61027D52FFCFFBA00FEC7F0 /* Resources */ = {
			isa = PBXGroup;
			children = (
				D61027D62FFCFFBA00FEC7F0 /* Main.html */,
				D61027D82FFCFFBA00FEC7F0 /* Icon.png */,
				D61027D92FFCFFBA00FEC7F0 /* Style.css */,
				D61027DA2FFCFFBA00FEC7F0 /* Script.js */,
			);
			path = Resources;
			sourceTree = "<group>";
		};
		D61027DD2FFCFFBB00FEC7F0 /* Shared (Extension) */ = {
			isa = PBXGroup;
			children = (
				D610282F2FFCFFBB00FEC7F0 /* Resources */,
				D61027DE2FFCFFBB00FEC7F0 /* SafariWebExtensionHandler.swift */,
			);
			path = "Shared (Extension)";
			sourceTree = "<group>";
		};
		D61027E42FFCFFBB00FEC7F0 /* Products */ = {
			isa = PBXGroup;
			children = (
				D61027E32FFCFFBB00FEC7F0 /* HNRefined.app */,
				D61027F52FFCFFBB00FEC7F0 /* HNRefined.app */,
				D61028012FFCFFBB00FEC7F0 /* HNRefined Extension.appex */,
				D610280B2FFCFFBB00FEC7F0 /* HNRefined Extension.appex */,
			);
			name = Products;
			sourceTree = "<group>";
		};
		D61027E52FFCFFBB00FEC7F0 /* iOS (App) */ = {
			isa = PBXGroup;
			children = (
				D61027E62FFCFFBB00FEC7F0 /* AppDelegate.swift */,
				D61027E82FFCFFBB00FEC7F0 /* SceneDelegate.swift */,
				D61027EA2FFCFFBB00FEC7F0 /* LaunchScreen.storyboard */,
				D61027ED2FFCFFBB00FEC7F0 /* Main.storyboard */,
				D61027F02FFCFFBB00FEC7F0 /* Info.plist */,
			);
			path = "iOS (App)";
			sourceTree = "<group>";
		};
		D61027F62FFCFFBB00FEC7F0 /* macOS (App) */ = {
			isa = PBXGroup;
			children = (
				D61027F72FFCFFBB00FEC7F0 /* AppDelegate.swift */,
				D61027F92FFCFFBB00FEC7F0 /* Main.storyboard */,
				D61027FC2FFCFFBB00FEC7F0 /* Info.plist */,
			);
			path = "macOS (App)";
			sourceTree = "<group>";
		};
		D61028052FFCFFBB00FEC7F0 /* iOS (Extension) */ = {
			isa = PBXGroup;
			children = (
				D61028062FFCFFBB00FEC7F0 /* Info.plist */,
			);
			path = "iOS (Extension)";
			sourceTree = "<group>";
		};
		D610280F2FFCFFBB00FEC7F0 /* macOS (Extension) */ = {
			isa = PBXGroup;
			children = (
				D61028102FFCFFBB00FEC7F0 /* Info.plist */,
			);
			path = "macOS (Extension)";
			sourceTree = "<group>";
		};
		D610282F2FFCFFBB00FEC7F0 /* Resources */ = {
			isa = PBXGroup;
			children = (
				D61028302FFCFFBB00FEC7F0 /* generated */,
				D61028312FFCFFBB00FEC7F0 /* options */,
				D61028322FFCFFBB00FEC7F0 /* popup */,
				D61028332FFCFFBB00FEC7F0 /* content */,
				D61028342FFCFFBB00FEC7F0 /* shared */,
				D61028352FFCFFBB00FEC7F0 /* icons */,
				D61028362FFCFFBB00FEC7F0 /* manifest.json */,
				D61028372FFCFFBB00FEC7F0 /* themes */,
			);
			name = Resources;
			path = "Shared (Extension)";
			sourceTree = SOURCE_ROOT;
		};
/* End PBXGroup section */

/* Begin PBXNativeTarget section */
		D61027E22FFCFFBB00FEC7F0 /* HNRefined (iOS) */ = {
			isa = PBXNativeTarget;
			buildConfigurationList = D61028252FFCFFBB00FEC7F0 /* Build configuration list for PBXNativeTarget "HNRefined (iOS)" */;
			buildPhases = (
				D61027DF2FFCFFBB00FEC7F0 /* Sources */,
				D61027E02FFCFFBB00FEC7F0 /* Frameworks */,
				D61027E12FFCFFBB00FEC7F0 /* Resources */,
				D61028242FFCFFBB00FEC7F0 /* Embed Foundation Extensions */,
			);
			buildRules = (
			);
			dependencies = (
				D61028042FFCFFBB00FEC7F0 /* PBXTargetDependency */,
			);
			name = "HNRefined (iOS)";
			packageProductDependencies = (
			);
			productName = "HNRefined (iOS)";
			productReference = D61027E32FFCFFBB00FEC7F0 /* HNRefined.app */;
			productType = "com.apple.product-type.application";
		};
		D61027F42FFCFFBB00FEC7F0 /* HNRefined (macOS) */ = {
			isa = PBXNativeTarget;
			buildConfigurationList = D610282C2FFCFFBB00FEC7F0 /* Build configuration list for PBXNativeTarget "HNRefined (macOS)" */;
			buildPhases = (
				D61027F12FFCFFBB00FEC7F0 /* Sources */,
				D61027F22FFCFFBB00FEC7F0 /* Frameworks */,
				D61027F32FFCFFBB00FEC7F0 /* Resources */,
				D610282B2FFCFFBB00FEC7F0 /* Embed Foundation Extensions */,
			);
			buildRules = (
			);
			dependencies = (
				D610280E2FFCFFBB00FEC7F0 /* PBXTargetDependency */,
			);
			name = "HNRefined (macOS)";
			packageProductDependencies = (
			);
			productName = "HNRefined (macOS)";
			productReference = D61027F52FFCFFBB00FEC7F0 /* HNRefined.app */;
			productType = "com.apple.product-type.application";
		};
		D61028002FFCFFBB00FEC7F0 /* HNRefined Extension (iOS) */ = {
			isa = PBXNativeTarget;
			buildConfigurationList = D61028212FFCFFBB00FEC7F0 /* Build configuration list for PBXNativeTarget "HNRefined Extension (iOS)" */;
			buildPhases = (
				D61027FD2FFCFFBB00FEC7F0 /* Sources */,
				D61027FE2FFCFFBB00FEC7F0 /* Frameworks */,
				D61027FF2FFCFFBB00FEC7F0 /* Resources */,
			);
			buildRules = (
			);
			dependencies = (
			);
			name = "HNRefined Extension (iOS)";
			packageProductDependencies = (
			);
			productName = "HNRefined Extension (iOS)";
			productReference = D61028012FFCFFBB00FEC7F0 /* HNRefined Extension.appex */;
			productType = "com.apple.product-type.app-extension";
		};
		D610280A2FFCFFBB00FEC7F0 /* HNRefined Extension (macOS) */ = {
			isa = PBXNativeTarget;
			buildConfigurationList = D61028282FFCFFBB00FEC7F0 /* Build configuration list for PBXNativeTarget "HNRefined Extension (macOS)" */;
			buildPhases = (
				D61028072FFCFFBB00FEC7F0 /* Sources */,
				D61028082FFCFFBB00FEC7F0 /* Frameworks */,
				D61028092FFCFFBB00FEC7F0 /* Resources */,
			);
			buildRules = (
			);
			dependencies = (
			);
			name = "HNRefined Extension (macOS)";
			packageProductDependencies = (
			);
			productName = "HNRefined Extension (macOS)";
			productReference = D610280B2FFCFFBB00FEC7F0 /* HNRefined Extension.appex */;
			productType = "com.apple.product-type.app-extension";
		};
/* End PBXNativeTarget section */

/* Begin PBXProject section */
		D61027D02FFCFFBA00FEC7F0 /* Project object */ = {
			isa = PBXProject;
			attributes = {
				BuildIndependentTargetsInParallel = 1;
				LastSwiftUpdateCheck = 2630;
				LastUpgradeCheck = 2630;
				TargetAttributes = {
					D61027E22FFCFFBB00FEC7F0 = {
						CreatedOnToolsVersion = 26.3;
					};
					D61027F42FFCFFBB00FEC7F0 = {
						CreatedOnToolsVersion = 26.3;
					};
					D61028002FFCFFBB00FEC7F0 = {
						CreatedOnToolsVersion = 26.3;
					};
					D610280A2FFCFFBB00FEC7F0 = {
						CreatedOnToolsVersion = 26.3;
					};
				};
			};
			buildConfigurationList = D61027D32FFCFFBA00FEC7F0 /* Build configuration list for PBXProject "HNRefined" */;
			developmentRegion = en;
			hasScannedForEncodings = 0;
			knownRegions = (
				en,
				Base,
			);
			mainGroup = D61027CF2FFCFFBA00FEC7F0;
			minimizedProjectReferenceProxies = 1;
			preferredProjectObjectVersion = 77;
			productRefGroup = D61027E42FFCFFBB00FEC7F0 /* Products */;
			projectDirPath = "";
			projectRoot = "";
			targets = (
				D61027E22FFCFFBB00FEC7F0 /* HNRefined (iOS) */,
				D61027F42FFCFFBB00FEC7F0 /* HNRefined (macOS) */,
				D61028002FFCFFBB00FEC7F0 /* HNRefined Extension (iOS) */,
				D610280A2FFCFFBB00FEC7F0 /* HNRefined Extension (macOS) */,
			);
		};
/* End PBXProject section */

/* Begin PBXResourcesBuildPhase section */
		D61027E12FFCFFBB00FEC7F0 /* Resources */ = {
			isa = PBXResourcesBuildPhase;
			buildActionMask = 2147483647;
			files = (
				D61028132FFCFFBB00FEC7F0 /* Icon.png in Resources */,
				D61027EC2FFCFFBB00FEC7F0 /* LaunchScreen.storyboard in Resources */,
				D61028112FFCFFBB00FEC7F0 /* Main.html in Resources */,
				D61028172FFCFFBB00FEC7F0 /* Script.js in Resources */,
				D610281B2FFCFFBB00FEC7F0 /* Assets.xcassets in Resources */,
				D61027EF2FFCFFBB00FEC7F0 /* Main.storyboard in Resources */,
				D61028152FFCFFBB00FEC7F0 /* Style.css in Resources */,
			);
			runOnlyForDeploymentPostprocessing = 0;
		};
		D61027F32FFCFFBB00FEC7F0 /* Resources */ = {
			isa = PBXResourcesBuildPhase;
			buildActionMask = 2147483647;
			files = (
				D61028142FFCFFBB00FEC7F0 /* Icon.png in Resources */,
				D61028162FFCFFBB00FEC7F0 /* Style.css in Resources */,
				D61027FB2FFCFFBB00FEC7F0 /* Main.storyboard in Resources */,
				D61028182FFCFFBB00FEC7F0 /* Script.js in Resources */,
				D610281C2FFCFFBB00FEC7F0 /* Assets.xcassets in Resources */,
				D61028122FFCFFBB00FEC7F0 /* Main.html in Resources */,
			);
			runOnlyForDeploymentPostprocessing = 0;
		};
		D61027FF2FFCFFBB00FEC7F0 /* Resources */ = {
			isa = PBXResourcesBuildPhase;
			buildActionMask = 2147483647;
			files = (
				D61028442FFCFFBB00FEC7F0 /* shared in Resources */,
				D61028462FFCFFBB00FEC7F0 /* manifest.json in Resources */,
				D61028422FFCFFBB00FEC7F0 /* popup in Resources */,
				D61028402FFCFFBB00FEC7F0 /* generated in Resources */,
				D61028472FFCFFBB00FEC7F0 /* themes in Resources */,
				D61028452FFCFFBB00FEC7F0 /* icons in Resources */,
				D61028432FFCFFBB00FEC7F0 /* content in Resources */,
				D61028412FFCFFBB00FEC7F0 /* options in Resources */,
			);
			runOnlyForDeploymentPostprocessing = 0;
		};
		D61028092FFCFFBB00FEC7F0 /* Resources */ = {
			isa = PBXResourcesBuildPhase;
			buildActionMask = 2147483647;
			files = (
				D610283C2FFCFFBB00FEC7F0 /* shared in Resources */,
				D610283E2FFCFFBB00FEC7F0 /* manifest.json in Resources */,
				D610283A2FFCFFBB00FEC7F0 /* popup in Resources */,
				D61028382FFCFFBB00FEC7F0 /* generated in Resources */,
				D610283F2FFCFFBB00FEC7F0 /* themes in Resources */,
				D610283D2FFCFFBB00FEC7F0 /* icons in Resources */,
				D610283B2FFCFFBB00FEC7F0 /* content in Resources */,
				D61028392FFCFFBB00FEC7F0 /* options in Resources */,
			);
			runOnlyForDeploymentPostprocessing = 0;
		};
/* End PBXResourcesBuildPhase section */

/* Begin PBXSourcesBuildPhase section */
		D61027DF2FFCFFBB00FEC7F0 /* Sources */ = {
			isa = PBXSourcesBuildPhase;
			buildActionMask = 2147483647;
			files = (
				D61028192FFCFFBB00FEC7F0 /* ViewController.swift in Sources */,
				D61027E72FFCFFBB00FEC7F0 /* AppDelegate.swift in Sources */,
				D61027E92FFCFFBB00FEC7F0 /* SceneDelegate.swift in Sources */,
			);
			runOnlyForDeploymentPostprocessing = 0;
		};
		D61027F12FFCFFBB00FEC7F0 /* Sources */ = {
			isa = PBXSourcesBuildPhase;
			buildActionMask = 2147483647;
			files = (
				D610281A2FFCFFBB00FEC7F0 /* ViewController.swift in Sources */,
				D61027F82FFCFFBB00FEC7F0 /* AppDelegate.swift in Sources */,
			);
			runOnlyForDeploymentPostprocessing = 0;
		};
		D61027FD2FFCFFBB00FEC7F0 /* Sources */ = {
			isa = PBXSourcesBuildPhase;
			buildActionMask = 2147483647;
			files = (
				D610281D2FFCFFBB00FEC7F0 /* SafariWebExtensionHandler.swift in Sources */,
			);
			runOnlyForDeploymentPostprocessing = 0;
		};
		D61028072FFCFFBB00FEC7F0 /* Sources */ = {
			isa = PBXSourcesBuildPhase;
			buildActionMask = 2147483647;
			files = (
				D610281E2FFCFFBB00FEC7F0 /* SafariWebExtensionHandler.swift in Sources */,
			);
			runOnlyForDeploymentPostprocessing = 0;
		};
/* End PBXSourcesBuildPhase section */

/* Begin PBXTargetDependency section */
		D61028042FFCFFBB00FEC7F0 /* PBXTargetDependency */ = {
			isa = PBXTargetDependency;
			target = D61028002FFCFFBB00FEC7F0 /* HNRefined Extension (iOS) */;
			targetProxy = D61028032FFCFFBB00FEC7F0 /* PBXContainerItemProxy */;
		};
		D610280E2FFCFFBB00FEC7F0 /* PBXTargetDependency */ = {
			isa = PBXTargetDependency;
			target = D610280A2FFCFFBB00FEC7F0 /* HNRefined Extension (macOS) */;
			targetProxy = D610280D2FFCFFBB00FEC7F0 /* PBXContainerItemProxy */;
		};
/* End PBXTargetDependency section */

/* Begin PBXVariantGroup section */
		D61027D62FFCFFBA00FEC7F0 /* Main.html */ = {
			isa = PBXVariantGroup;
			children = (
				D61027D72FFCFFBA00FEC7F0 /* Base */,
			);
			name = Main.html;
			sourceTree = "<group>";
		};
		D61027EA2FFCFFBB00FEC7F0 /* LaunchScreen.storyboard */ = {
			isa = PBXVariantGroup;
			children = (
				D61027EB2FFCFFBB00FEC7F0 /* Base */,
			);
			name = LaunchScreen.storyboard;
			sourceTree = "<group>";
		};
		D61027ED2FFCFFBB00FEC7F0 /* Main.storyboard */ = {
			isa = PBXVariantGroup;
			children = (
				D61027EE2FFCFFBB00FEC7F0 /* Base */,
			);
			name = Main.storyboard;
			sourceTree = "<group>";
		};
		D61027F92FFCFFBB00FEC7F0 /* Main.storyboard */ = {
			isa = PBXVariantGroup;
			children = (
				D61027FA2FFCFFBB00FEC7F0 /* Base */,
			);
			name = Main.storyboard;
			sourceTree = "<group>";
		};
/* End PBXVariantGroup section */

/* Begin XCBuildConfiguration section */
		D610281F2FFCFFBB00FEC7F0 /* Debug */ = {
			isa = XCBuildConfiguration;
			buildSettings = {
				ALWAYS_SEARCH_USER_PATHS = NO;
				ASSETCATALOG_COMPILER_GENERATE_SWIFT_ASSET_SYMBOL_EXTENSIONS = YES;
				CLANG_ANALYZER_NONNULL = YES;
				CLANG_ANALYZER_NUMBER_OBJECT_CONVERSION = YES_AGGRESSIVE;
				CLANG_CXX_LANGUAGE_STANDARD = "gnu++20";
				CLANG_ENABLE_MODULES = YES;
				CLANG_ENABLE_OBJC_ARC = YES;
				CLANG_ENABLE_OBJC_WEAK = YES;
				CLANG_WARN_BLOCK_CAPTURE_AUTORELEASING = YES;
				CLANG_WARN_BOOL_CONVERSION = YES;
				CLANG_WARN_COMMA = YES;
				CLANG_WARN_CONSTANT_CONVERSION = YES;
				CLANG_WARN_DEPRECATED_OBJC_IMPLEMENTATIONS = YES;
				CLANG_WARN_DIRECT_OBJC_ISA_USAGE = YES_ERROR;
				CLANG_WARN_DOCUMENTATION_COMMENTS = YES;
				CLANG_WARN_EMPTY_BODY = YES;
				CLANG_WARN_ENUM_CONVERSION = YES;
				CLANG_WARN_INFINITE_RECURSION = YES;
				CLANG_WARN_INT_CONVERSION = YES;
				CLANG_WARN_NON_LITERAL_NULL_CONVERSION = YES;
				CLANG_WARN_OBJC_IMPLICIT_RETAIN_SELF = YES;
				CLANG_WARN_OBJC_LITERAL_CONVERSION = YES;
				CLANG_WARN_OBJC_ROOT_CLASS = YES_ERROR;
				CLANG_WARN_QUOTED_INCLUDE_IN_FRAMEWORK_HEADER = YES;
				CLANG_WARN_RANGE_LOOP_ANALYSIS = YES;
				CLANG_WARN_STRICT_PROTOTYPES = YES;
				CLANG_WARN_SUSPICIOUS_MOVE = YES;
				CLANG_WARN_UNGUARDED_AVAILABILITY = YES_AGGRESSIVE;
				CLANG_WARN_UNREACHABLE_CODE = YES;
				CLANG_WARN__DUPLICATE_METHOD_MATCH = YES;
				COPY_PHASE_STRIP = NO;
				DEBUG_INFORMATION_FORMAT = dwarf;
				ENABLE_STRICT_OBJC_MSGSEND = YES;
				ENABLE_TESTABILITY = YES;
				ENABLE_USER_SCRIPT_SANDBOXING = YES;
				GCC_C_LANGUAGE_STANDARD = gnu17;
				GCC_DYNAMIC_NO_PIC = NO;
				GCC_NO_COMMON_BLOCKS = YES;
				GCC_OPTIMIZATION_LEVEL = 0;
				GCC_PREPROCESSOR_DEFINITIONS = (
					"DEBUG=1",
					"$(inherited)",
				);
				GCC_WARN_64_TO_32_BIT_CONVERSION = YES;
				GCC_WARN_ABOUT_RETURN_TYPE = YES_ERROR;
				GCC_WARN_UNDECLARED_SELECTOR = YES;
				GCC_WARN_UNINITIALIZED_AUTOS = YES_AGGRESSIVE;
				GCC_WARN_UNUSED_FUNCTION = YES;
				GCC_WARN_UNUSED_VARIABLE = YES;
				LOCALIZATION_PREFERS_STRING_CATALOGS = YES;
				MTL_ENABLE_DEBUG_INFO = INCLUDE_SOURCE;
				MTL_FAST_MATH = YES;
				ONLY_ACTIVE_ARCH = YES;
				SWIFT_ACTIVE_COMPILATION_CONDITIONS = "DEBUG $(inherited)";
				SWIFT_OPTIMIZATION_LEVEL = "-Onone";
			};
			name = Debug;
		};
		D61028202FFCFFBB00FEC7F0 /* Release */ = {
			isa = XCBuildConfiguration;
			buildSettings = {
				ALWAYS_SEARCH_USER_PATHS = NO;
				ASSETCATALOG_COMPILER_GENERATE_SWIFT_ASSET_SYMBOL_EXTENSIONS = YES;
				CLANG_ANALYZER_NONNULL = YES;
				CLANG_ANALYZER_NUMBER_OBJECT_CONVERSION = YES_AGGRESSIVE;
				CLANG_CXX_LANGUAGE_STANDARD = "gnu++20";
				CLANG_ENABLE_MODULES = YES;
				CLANG_ENABLE_OBJC_ARC = YES;
				CLANG_ENABLE_OBJC_WEAK = YES;
				CLANG_WARN_BLOCK_CAPTURE_AUTORELEASING = YES;
				CLANG_WARN_BOOL_CONVERSION = YES;
				CLANG_WARN_COMMA = YES;
				CLANG_WARN_CONSTANT_CONVERSION = YES;
				CLANG_WARN_DEPRECATED_OBJC_IMPLEMENTATIONS = YES;
				CLANG_WARN_DIRECT_OBJC_ISA_USAGE = YES_ERROR;
				CLANG_WARN_DOCUMENTATION_COMMENTS = YES;
				CLANG_WARN_EMPTY_BODY = YES;
				CLANG_WARN_ENUM_CONVERSION = YES;
				CLANG_WARN_INFINITE_RECURSION = YES;
				CLANG_WARN_INT_CONVERSION = YES;
				CLANG_WARN_NON_LITERAL_NULL_CONVERSION = YES;
				CLANG_WARN_OBJC_IMPLICIT_RETAIN_SELF = YES;
				CLANG_WARN_OBJC_LITERAL_CONVERSION = YES;
				CLANG_WARN_OBJC_ROOT_CLASS = YES_ERROR;
				CLANG_WARN_QUOTED_INCLUDE_IN_FRAMEWORK_HEADER = YES;
				CLANG_WARN_RANGE_LOOP_ANALYSIS = YES;
				CLANG_WARN_STRICT_PROTOTYPES = YES;
				CLANG_WARN_SUSPICIOUS_MOVE = YES;
				CLANG_WARN_UNGUARDED_AVAILABILITY = YES_AGGRESSIVE;
				CLANG_WARN_UNREACHABLE_CODE = YES;
				CLANG_WARN__DUPLICATE_METHOD_MATCH = YES;
				COPY_PHASE_STRIP = NO;
				DEBUG_INFORMATION_FORMAT = "dwarf-with-dsym";
				ENABLE_NS_ASSERTIONS = NO;
				ENABLE_STRICT_OBJC_MSGSEND = YES;
				ENABLE_USER_SCRIPT_SANDBOXING = YES;
				GCC_C_LANGUAGE_STANDARD = gnu17;
				GCC_NO_COMMON_BLOCKS = YES;
				GCC_WARN_64_TO_32_BIT_CONVERSION = YES;
				GCC_WARN_ABOUT_RETURN_TYPE = YES_ERROR;
				GCC_WARN_UNDECLARED_SELECTOR = YES;
				GCC_WARN_UNINITIALIZED_AUTOS = YES_AGGRESSIVE;
				GCC_WARN_UNUSED_FUNCTION = YES;
				GCC_WARN_UNUSED_VARIABLE = YES;
				LOCALIZATION_PREFERS_STRING_CATALOGS = YES;
				MTL_ENABLE_DEBUG_INFO = NO;
				MTL_FAST_MATH = YES;
				SWIFT_COMPILATION_MODE = wholemodule;
			};
			name = Release;
		};
		D61028222FFCFFBB00FEC7F0 /* Debug */ = {
			isa = XCBuildConfiguration;
			buildSettings = {
				CODE_SIGN_STYLE = Automatic;
				CURRENT_PROJECT_VERSION = 1;
				GENERATE_INFOPLIST_FILE = YES;
				INFOPLIST_FILE = "iOS (Extension)/Info.plist";
				INFOPLIST_KEY_CFBundleDisplayName = "HNRefined Extension";
				INFOPLIST_KEY_NSHumanReadableCopyright = "";
				IPHONEOS_DEPLOYMENT_TARGET = 15.0;
				LD_RUNPATH_SEARCH_PATHS = (
					"$(inherited)",
					"@executable_path/Frameworks",
					"@executable_path/../../Frameworks",
				);
				MARKETING_VERSION = 1.0;
				OTHER_LDFLAGS = (
					"-framework",
					SafariServices,
				);
				PRODUCT_BUNDLE_IDENTIFIER = org.hnrefined.HNRefined.Extension;
				PRODUCT_NAME = "HNRefined Extension";
				SDKROOT = iphoneos;
				SKIP_INSTALL = YES;
				STRING_CATALOG_GENERATE_SYMBOLS = YES;
				SWIFT_APPROACHABLE_CONCURRENCY = YES;
				SWIFT_EMIT_LOC_STRINGS = YES;
				SWIFT_UPCOMING_FEATURE_MEMBER_IMPORT_VISIBILITY = YES;
				SWIFT_VERSION = 5.0;
				TARGETED_DEVICE_FAMILY = "1,2";
			};
			name = Debug;
		};
		D61028232FFCFFBB00FEC7F0 /* Release */ = {
			isa = XCBuildConfiguration;
			buildSettings = {
				CODE_SIGN_STYLE = Automatic;
				CURRENT_PROJECT_VERSION = 1;
				GENERATE_INFOPLIST_FILE = YES;
				INFOPLIST_FILE = "iOS (Extension)/Info.plist";
				INFOPLIST_KEY_CFBundleDisplayName = "HNRefined Extension";
				INFOPLIST_KEY_NSHumanReadableCopyright = "";
				IPHONEOS_DEPLOYMENT_TARGET = 15.0;
				LD_RUNPATH_SEARCH_PATHS = (
					"$(inherited)",
					"@executable_path/Frameworks",
					"@executable_path/../../Frameworks",
				);
				MARKETING_VERSION = 1.0;
				OTHER_LDFLAGS = (
					"-framework",
					SafariServices,
				);
				PRODUCT_BUNDLE_IDENTIFIER = org.hnrefined.HNRefined.Extension;
				PRODUCT_NAME = "HNRefined Extension";
				SDKROOT = iphoneos;
				SKIP_INSTALL = YES;
				STRING_CATALOG_GENERATE_SYMBOLS = YES;
				SWIFT_APPROACHABLE_CONCURRENCY = YES;
				SWIFT_EMIT_LOC_STRINGS = YES;
				SWIFT_UPCOMING_FEATURE_MEMBER_IMPORT_VISIBILITY = YES;
				SWIFT_VERSION = 5.0;
				TARGETED_DEVICE_FAMILY = "1,2";
				VALIDATE_PRODUCT = YES;
			};
			name = Release;
		};
		D61028262FFCFFBB00FEC7F0 /* Debug */ = {
			isa = XCBuildConfiguration;
			buildSettings = {
				ASSETCATALOG_COMPILER_APPICON_NAME = AppIcon;
				ASSETCATALOG_COMPILER_GLOBAL_ACCENT_COLOR_NAME = AccentColor;
				CODE_SIGN_STYLE = Automatic;
				CURRENT_PROJECT_VERSION = 1;
				GENERATE_INFOPLIST_FILE = YES;
				INFOPLIST_FILE = "iOS (App)/Info.plist";
				INFOPLIST_KEY_CFBundleDisplayName = HNRefined;
				INFOPLIST_KEY_UIApplicationSupportsIndirectInputEvents = YES;
				INFOPLIST_KEY_UILaunchStoryboardName = LaunchScreen;
				INFOPLIST_KEY_UIMainStoryboardFile = Main;
				INFOPLIST_KEY_UISupportedInterfaceOrientations = "UIInterfaceOrientationPortrait UIInterfaceOrientationLandscapeLeft UIInterfaceOrientationLandscapeRight";
				INFOPLIST_KEY_UISupportedInterfaceOrientations_iPad = "UIInterfaceOrientationPortrait UIInterfaceOrientationPortraitUpsideDown UIInterfaceOrientationLandscapeLeft UIInterfaceOrientationLandscapeRight";
				IPHONEOS_DEPLOYMENT_TARGET = 15.0;
				LD_RUNPATH_SEARCH_PATHS = (
					"$(inherited)",
					"@executable_path/Frameworks",
				);
				MARKETING_VERSION = 1.0;
				OTHER_LDFLAGS = (
					"-framework",
					SafariServices,
					"-framework",
					WebKit,
				);
				PRODUCT_BUNDLE_IDENTIFIER = org.hnrefined.HNRefined;
				PRODUCT_NAME = HNRefined;
				SDKROOT = iphoneos;
				STRING_CATALOG_GENERATE_SYMBOLS = YES;
				SWIFT_APPROACHABLE_CONCURRENCY = YES;
				SWIFT_DEFAULT_ACTOR_ISOLATION = MainActor;
				SWIFT_EMIT_LOC_STRINGS = YES;
				SWIFT_UPCOMING_FEATURE_MEMBER_IMPORT_VISIBILITY = YES;
				SWIFT_VERSION = 5.0;
				TARGETED_DEVICE_FAMILY = "1,2";
			};
			name = Debug;
		};
		D61028272FFCFFBB00FEC7F0 /* Release */ = {
			isa = XCBuildConfiguration;
			buildSettings = {
				ASSETCATALOG_COMPILER_APPICON_NAME = AppIcon;
				ASSETCATALOG_COMPILER_GLOBAL_ACCENT_COLOR_NAME = AccentColor;
				CODE_SIGN_STYLE = Automatic;
				CURRENT_PROJECT_VERSION = 1;
				GENERATE_INFOPLIST_FILE = YES;
				INFOPLIST_FILE = "iOS (App)/Info.plist";
				INFOPLIST_KEY_CFBundleDisplayName = HNRefined;
				INFOPLIST_KEY_UIApplicationSupportsIndirectInputEvents = YES;
				INFOPLIST_KEY_UILaunchStoryboardName = LaunchScreen;
				INFOPLIST_KEY_UIMainStoryboardFile = Main;
				INFOPLIST_KEY_UISupportedInterfaceOrientations = "UIInterfaceOrientationPortrait UIInterfaceOrientationLandscapeLeft UIInterfaceOrientationLandscapeRight";
				INFOPLIST_KEY_UISupportedInterfaceOrientations_iPad = "UIInterfaceOrientationPortrait UIInterfaceOrientationPortraitUpsideDown UIInterfaceOrientationLandscapeLeft UIInterfaceOrientationLandscapeRight";
				IPHONEOS_DEPLOYMENT_TARGET = 15.0;
				LD_RUNPATH_SEARCH_PATHS = (
					"$(inherited)",
					"@executable_path/Frameworks",
				);
				MARKETING_VERSION = 1.0;
				OTHER_LDFLAGS = (
					"-framework",
					SafariServices,
					"-framework",
					WebKit,
				);
				PRODUCT_BUNDLE_IDENTIFIER = org.hnrefined.HNRefined;
				PRODUCT_NAME = HNRefined;
				SDKROOT = iphoneos;
				STRING_CATALOG_GENERATE_SYMBOLS = YES;
				SWIFT_APPROACHABLE_CONCURRENCY = YES;
				SWIFT_DEFAULT_ACTOR_ISOLATION = MainActor;
				SWIFT_EMIT_LOC_STRINGS = YES;
				SWIFT_UPCOMING_FEATURE_MEMBER_IMPORT_VISIBILITY = YES;
				SWIFT_VERSION = 5.0;
				TARGETED_DEVICE_FAMILY = "1,2";
				VALIDATE_PRODUCT = YES;
			};
			name = Release;
		};
		D61028292FFCFFBB00FEC7F0 /* Debug */ = {
			isa = XCBuildConfiguration;
			buildSettings = {
				CODE_SIGN_STYLE = Automatic;
				CURRENT_PROJECT_VERSION = 1;
				ENABLE_APP_SANDBOX = YES;
				ENABLE_HARDENED_RUNTIME = YES;
				ENABLE_USER_SELECTED_FILES = readonly;
				GENERATE_INFOPLIST_FILE = YES;
				INFOPLIST_FILE = "macOS (Extension)/Info.plist";
				INFOPLIST_KEY_CFBundleDisplayName = "HNRefined Extension";
				INFOPLIST_KEY_NSHumanReadableCopyright = "";
				LD_RUNPATH_SEARCH_PATHS = (
					"$(inherited)",
					"@executable_path/../Frameworks",
					"@executable_path/../../../../Frameworks",
				);
				MACOSX_DEPLOYMENT_TARGET = 10.14;
				MARKETING_VERSION = 1.0;
				OTHER_LDFLAGS = (
					"-framework",
					SafariServices,
				);
				PRODUCT_BUNDLE_IDENTIFIER = org.hnrefined.HNRefined.Extension;
				PRODUCT_NAME = "HNRefined Extension";
				SDKROOT = macosx;
				SKIP_INSTALL = YES;
				STRING_CATALOG_GENERATE_SYMBOLS = YES;
				SWIFT_APPROACHABLE_CONCURRENCY = YES;
				SWIFT_EMIT_LOC_STRINGS = YES;
				SWIFT_UPCOMING_FEATURE_MEMBER_IMPORT_VISIBILITY = YES;
				SWIFT_VERSION = 5.0;
			};
			name = Debug;
		};
		D610282A2FFCFFBB00FEC7F0 /* Release */ = {
			isa = XCBuildConfiguration;
			buildSettings = {
				CODE_SIGN_STYLE = Automatic;
				CURRENT_PROJECT_VERSION = 1;
				ENABLE_APP_SANDBOX = YES;
				ENABLE_HARDENED_RUNTIME = YES;
				ENABLE_USER_SELECTED_FILES = readonly;
				GENERATE_INFOPLIST_FILE = YES;
				INFOPLIST_FILE = "macOS (Extension)/Info.plist";
				INFOPLIST_KEY_CFBundleDisplayName = "HNRefined Extension";
				INFOPLIST_KEY_NSHumanReadableCopyright = "";
				LD_RUNPATH_SEARCH_PATHS = (
					"$(inherited)",
					"@executable_path/../Frameworks",
					"@executable_path/../../../../Frameworks",
				);
				MACOSX_DEPLOYMENT_TARGET = 10.14;
				MARKETING_VERSION = 1.0;
				OTHER_LDFLAGS = (
					"-framework",
					SafariServices,
				);
				PRODUCT_BUNDLE_IDENTIFIER = org.hnrefined.HNRefined.Extension;
				PRODUCT_NAME = "HNRefined Extension";
				SDKROOT = macosx;
				SKIP_INSTALL = YES;
				STRING_CATALOG_GENERATE_SYMBOLS = YES;
				SWIFT_APPROACHABLE_CONCURRENCY = YES;
				SWIFT_EMIT_LOC_STRINGS = YES;
				SWIFT_UPCOMING_FEATURE_MEMBER_IMPORT_VISIBILITY = YES;
				SWIFT_VERSION = 5.0;
			};
			name = Release;
		};
		D610282D2FFCFFBB00FEC7F0 /* Debug */ = {
			isa = XCBuildConfiguration;
			buildSettings = {
				ASSETCATALOG_COMPILER_APPICON_NAME = AppIcon;
				ASSETCATALOG_COMPILER_GLOBAL_ACCENT_COLOR_NAME = AccentColor;
				CODE_SIGN_STYLE = Automatic;
				CURRENT_PROJECT_VERSION = 1;
				ENABLE_APP_SANDBOX = YES;
				ENABLE_HARDENED_RUNTIME = YES;
				ENABLE_OUTGOING_NETWORK_CONNECTIONS = YES;
				ENABLE_USER_SELECTED_FILES = readonly;
				GENERATE_INFOPLIST_FILE = YES;
				INFOPLIST_FILE = "macOS (App)/Info.plist";
				INFOPLIST_KEY_CFBundleDisplayName = HNRefined;
				INFOPLIST_KEY_NSMainStoryboardFile = Main;
				INFOPLIST_KEY_NSPrincipalClass = NSApplication;
				LD_RUNPATH_SEARCH_PATHS = (
					"$(inherited)",
					"@executable_path/../Frameworks",
				);
				MACOSX_DEPLOYMENT_TARGET = 10.14;
				MARKETING_VERSION = 1.0;
				OTHER_LDFLAGS = (
					"-framework",
					SafariServices,
					"-framework",
					WebKit,
				);
				PRODUCT_BUNDLE_IDENTIFIER = org.hnrefined.HNRefined;
				PRODUCT_NAME = HNRefined;
				REGISTER_APP_GROUPS = YES;
				SDKROOT = macosx;
				STRING_CATALOG_GENERATE_SYMBOLS = YES;
				SWIFT_APPROACHABLE_CONCURRENCY = YES;
				SWIFT_DEFAULT_ACTOR_ISOLATION = MainActor;
				SWIFT_EMIT_LOC_STRINGS = YES;
				SWIFT_UPCOMING_FEATURE_MEMBER_IMPORT_VISIBILITY = YES;
				SWIFT_VERSION = 5.0;
			};
			name = Debug;
		};
		D610282E2FFCFFBB00FEC7F0 /* Release */ = {
			isa = XCBuildConfiguration;
			buildSettings = {
				ASSETCATALOG_COMPILER_APPICON_NAME = AppIcon;
				ASSETCATALOG_COMPILER_GLOBAL_ACCENT_COLOR_NAME = AccentColor;
				CODE_SIGN_STYLE = Automatic;
				CURRENT_PROJECT_VERSION = 1;
				ENABLE_APP_SANDBOX = YES;
				ENABLE_HARDENED_RUNTIME = YES;
				ENABLE_OUTGOING_NETWORK_CONNECTIONS = YES;
				ENABLE_USER_SELECTED_FILES = readonly;
				GENERATE_INFOPLIST_FILE = YES;
				INFOPLIST_FILE = "macOS (App)/Info.plist";
				INFOPLIST_KEY_CFBundleDisplayName = HNRefined;
				INFOPLIST_KEY_NSMainStoryboardFile = Main;
				INFOPLIST_KEY_NSPrincipalClass = NSApplication;
				LD_RUNPATH_SEARCH_PATHS = (
					"$(inherited)",
					"@executable_path/../Frameworks",
				);
				MACOSX_DEPLOYMENT_TARGET = 10.14;
				MARKETING_VERSION = 1.0;
				OTHER_LDFLAGS = (
					"-framework",
					SafariServices,
					"-framework",
					WebKit,
				);
				PRODUCT_BUNDLE_IDENTIFIER = org.hnrefined.HNRefined;
				PRODUCT_NAME = HNRefined;
				REGISTER_APP_GROUPS = YES;
				SDKROOT = macosx;
				STRING_CATALOG_GENERATE_SYMBOLS = YES;
				SWIFT_APPROACHABLE_CONCURRENCY = YES;
				SWIFT_DEFAULT_ACTOR_ISOLATION = MainActor;
				SWIFT_EMIT_LOC_STRINGS = YES;
				SWIFT_UPCOMING_FEATURE_MEMBER_IMPORT_VISIBILITY = YES;
				SWIFT_VERSION = 5.0;
			};
			name = Release;
		};
/* End XCBuildConfiguration section */

/* Begin XCConfigurationList section */
		D61027D32FFCFFBA00FEC7F0 /* Build configuration list for PBXProject "HNRefined" */ = {
			isa = XCConfigurationList;
			buildConfigurations = (
				D610281F2FFCFFBB00FEC7F0 /* Debug */,
				D61028202FFCFFBB00FEC7F0 /* Release */,
			);
			defaultConfigurationIsVisible = 0;
			defaultConfigurationName = Release;
		};
		D61028212FFCFFBB00FEC7F0 /* Build configuration list for PBXNativeTarget "HNRefined Extension (iOS)" */ = {
			isa = XCConfigurationList;
			buildConfigurations = (
				D61028222FFCFFBB00FEC7F0 /* Debug */,
				D61028232FFCFFBB00FEC7F0 /* Release */,
			);
			defaultConfigurationIsVisible = 0;
			defaultConfigurationName = Release;
		};
		D61028252FFCFFBB00FEC7F0 /* Build configuration list for PBXNativeTarget "HNRefined (iOS)" */ = {
			isa = XCConfigurationList;
			buildConfigurations = (
				D61028262FFCFFBB00FEC7F0 /* Debug */,
				D61028272FFCFFBB00FEC7F0 /* Release */,
			);
			defaultConfigurationIsVisible = 0;
			defaultConfigurationName = Release;
		};
		D61028282FFCFFBB00FEC7F0 /* Build configuration list for PBXNativeTarget "HNRefined Extension (macOS)" */ = {
			isa = XCConfigurationList;
			buildConfigurations = (
				D61028292FFCFFBB00FEC7F0 /* Debug */,
				D610282A2FFCFFBB00FEC7F0 /* Release */,
			);
			defaultConfigurationIsVisible = 0;
			defaultConfigurationName = Release;
		};
		D610282C2FFCFFBB00FEC7F0 /* Build configuration list for PBXNativeTarget "HNRefined (macOS)" */ = {
			isa = XCConfigurationList;
			buildConfigurations = (
				D610282D2FFCFFBB00FEC7F0 /* Debug */,
				D610282E2FFCFFBB00FEC7F0 /* Release */,
			);
			defaultConfigurationIsVisible = 0;
			defaultConfigurationName = Release;
		};
/* End XCConfigurationList section */
	};
	rootObject = D61027D02FFCFFBA00FEC7F0 /* Project object */;
}
